lockfileVersion: '6.0'

settings:
  autoInstallPeers: true
  excludeLinksFromLockfile: false

devDependencies:
  '@types/node':
    specifier: ^26.5.1
    version: 26.5.1
  typescript:
    specifier: ^5.7.2
    version: 5.9.3

packages:

  /@types/node@26.5.1:
    resolution: {integrity: sha512-CzNm2FezW4VR/LjG6yUdiEgLE/rAQ9Slj5gCu/C2VrdcW7I0ahNZ8DRbHT7zOZ6r3ONgd/bsQIeSaoDGrd1C6g==}
    dependencies:
      undici-types: 8.9.0
    dev: true

  /typescript@5.9.3:
    resolution: {integrity: sha512-jl1vZzPDinLr9eUt3J/t7V6FgNEw9QjvBPdysz9KfQDD41fQrC2Y4vKQdiaUpFT4bXlb1RHhLpp8wtm6M5TgSw==}
    engines: {node: '>=14.17'}
    hasBin: true
    dev: true

  /undici-types@8.9.0:
    resolution: {integrity: sha512-KTDyRTYX8sWmKXAikPHHSyc63CRPETMctyjKFupcC6OBLXT3xsN0e9aF7m+mIXutFWpUXuedtowG7iLOzp0kQg==}
    dev: true
